{
  "object": {
    "pins": [
      {
        "package": "SwiftCoordinatorsKit",
        "repositoryURL": "https://github.com/DobbyWanKenoby/SwiftCoordinatorsKit",
        "state": {
          "branch": "main",
          "revision": "14ee04780bface0d00e964fdede5a874c71d537d",
          "version": null
        }
      }
    ]
  },
  "version": 1
}
