{
  "object": {
    "pins": [
      {
        "package": "SwiftCoordinatorsKit",
        "repositoryURL": "https://github.com/DobbyWanKenoby/SwiftCoordinatorsKit",
        "state": {
          "branch": null,
          "revision": "122595f2c00dc8d944c74254101d13f088d2c1fb",
          "version": "1.0.3"
        }
      }
    ]
  },
  "version": 1
}
